
Microsoft Visual Studio Solution File, Format Version 12.00
# Visual Studio Version 17
VisualStudioVersion = 17.6.33829.357
MinimumVisualStudioVersion = 10.0.40219.1
Project("{9A19103F-16F7-4668-BE54-9A1E7A4F7556}") = "WebAPI", "WebAPI\WebAPI.csproj", "{BF7EC9B1-FB2A-4A1C-AC18-BD949552BA8E}"
EndProject
Project("{FAE04EC0-301F-11D3-BF4B-00C04F79EFBC}") = "Persistence", "Persistence\Persistence.csproj", "{A6E256DD-BED7-4E20-8242-7D6DFD861571}"
EndProject
Project("{FAE04EC0-301F-11D3-BF4B-00C04F79EFBC}") = "Domain", "Domain\Domain.csproj", "{8B6FF3FB-FAE3-48DB-B886-3C2A318C50DD}"
EndProject
Project("{FAE04EC0-301F-11D3-BF4B-00C04F79EFBC}") = "Application", "Application\Application.csproj", "{3A0E9C76-ED09-4003-A702-6AA80816CA7E}"
EndProject
Project("{FAE04EC0-301F-11D3-BF4B-00C04F79EFBC}") = "Infrastructure", "Infrastructure\Infrastructure.csproj", "{5B6FE59C-8DF5-4C94-B61B-1B8AF16121BC}"
EndProject
Global
	GlobalSection(SolutionConfigurationPlatforms) = preSolution
		Debug|Any CPU = Debug|Any CPU
		Release|Any CPU = Release|Any CPU
	EndGlobalSection
	GlobalSection(ProjectConfigurationPlatforms) = postSolution
		{BF7EC9B1-FB2A-4A1C-AC18-BD949552BA8E}.Debug|Any CPU.ActiveCfg = Debug|Any CPU
		{BF7EC9B1-FB2A-4A1C-AC18-BD949552BA8E}.Debug|Any CPU.Build.0 = Debug|Any CPU
		{BF7EC9B1-FB2A-4A1C-AC18-BD949552BA8E}.Release|Any CPU.ActiveCfg = Release|Any CPU
		{BF7EC9B1-FB2A-4A1C-AC18-BD949552BA8E}.Release|Any CPU.Build.0 = Release|Any CPU
		{A6E256DD-BED7-4E20-8242-7D6DFD861571}.Debug|Any CPU.ActiveCfg = Debug|Any CPU
		{A6E256DD-BED7-4E20-8242-7D6DFD861571}.Debug|Any CPU.Build.0 = Debug|Any CPU
		{A6E256DD-BED7-4E20-8242-7D6DFD861571}.Release|Any CPU.ActiveCfg = Release|Any CPU
		{A6E256DD-BED7-4E20-8242-7D6DFD861571}.Release|Any CPU.Build.0 = Release|Any CPU
		{8B6FF3FB-FAE3-48DB-B886-3C2A318C50DD}.Debug|Any CPU.ActiveCfg = Debug|Any CPU
		{8B6FF3FB-FAE3-48DB-B886-3C2A318C50DD}.Debug|Any CPU.Build.0 = Debug|Any CPU
		{8B6FF3FB-FAE3-48DB-B886-3C2A318C50DD}.Release|Any CPU.ActiveCfg = Release|Any CPU
		{8B6FF3FB-FAE3-48DB-B886-3C2A318C50DD}.Release|Any CPU.Build.0 = Release|Any CPU
		{3A0E9C76-ED09-4003-A702-6AA80816CA7E}.Debug|Any CPU.ActiveCfg = Debug|Any CPU
		{3A0E9C76-ED09-4003-A702-6AA80816CA7E}.Debug|Any CPU.Build.0 = Debug|Any CPU
		{3A0E9C76-ED09-4003-A702-6AA80816CA7E}.Release|Any CPU.ActiveCfg = Release|Any CPU
		{3A0E9C76-ED09-4003-A702-6AA80816CA7E}.Release|Any CPU.Build.0 = Release|Any CPU
		{5B6FE59C-8DF5-4C94-B61B-1B8AF16121BC}.Debug|Any CPU.ActiveCfg = Debug|Any CPU
		{5B6FE59C-8DF5-4C94-B61B-1B8AF16121BC}.Debug|Any CPU.Build.0 = Debug|Any CPU
		{5B6FE59C-8DF5-4C94-B61B-1B8AF16121BC}.Release|Any CPU.ActiveCfg = Release|Any CPU
		{5B6FE59C-8DF5-4C94-B61B-1B8AF16121BC}.Release|Any CPU.Build.0 = Release|Any CPU
	EndGlobalSection
	GlobalSection(SolutionProperties) = preSolution
		HideSolutionNode = FALSE
	EndGlobalSection
	GlobalSection(ExtensibilityGlobals) = postSolution
		SolutionGuid = {245FA4E8-DFF2-41DC-AAC3-A9EF11C2DF15}
	EndGlobalSection
EndGlobal
